
Microsoft Visual Studio Solution File, Format Version 12.00
# Visual Studio Version 16
VisualStudioVersion = 16.0.33027.164
MinimumVisualStudioVersion = 10.0.40219.1
Project("{FAE04EC0-301F-11D3-BF4B-00C04F79EFBC}") = "MLTaxi", "MLHousePrice\MLTaxi.csproj", "{726EBBF9-8B48-4485-A944-7A87143C71E6}"
EndProject
Global
	GlobalSection(SolutionConfigurationPlatforms) = preSolution
		Debug|Any CPU = Debug|Any CPU
		Debug|x64 = Debug|x64
		Release|Any CPU = Release|Any CPU
		Release|x64 = Release|x64
	EndGlobalSection
	GlobalSection(ProjectConfigurationPlatforms) = postSolution
		{726EBBF9-8B48-4485-A944-7A87143C71E6}.Debug|Any CPU.ActiveCfg = Debug|Any CPU
		{726EBBF9-8B48-4485-A944-7A87143C71E6}.Debug|Any CPU.Build.0 = Debug|Any CPU
		{726EBBF9-8B48-4485-A944-7A87143C71E6}.Debug|x64.ActiveCfg = Debug|x64
		{726EBBF9-8B48-4485-A944-7A87143C71E6}.Debug|x64.Build.0 = Debug|x64
		{726EBBF9-8B48-4485-A944-7A87143C71E6}.Release|Any CPU.ActiveCfg = Release|Any CPU
		{726EBBF9-8B48-4485-A944-7A87143C71E6}.Release|Any CPU.Build.0 = Release|Any CPU
		{726EBBF9-8B48-4485-A944-7A87143C71E6}.Release|x64.ActiveCfg = Release|x64
		{726EBBF9-8B48-4485-A944-7A87143C71E6}.Release|x64.Build.0 = Release|x64
	EndGlobalSection
	GlobalSection(SolutionProperties) = preSolution
		HideSolutionNode = FALSE
	EndGlobalSection
	GlobalSection(ExtensibilityGlobals) = postSolution
		SolutionGuid = {75CD7DFD-63B2-4382-9200-D65EB1E835C7}
	EndGlobalSection
EndGlobal
